        "github-markdown-css": "^5.8.1",
    "node_modules/github-markdown-css": {
      "version": "5.8.1",
      "resolved": "https://registry.npmjs.org/github-markdown-css/-/github-markdown-css-5.8.1.tgz",
      "integrity": "sha512-8G+PFvqigBQSWLQjyzgpa2ThD9bo7+kDsriUIidGcRhXgmcaAWUIpCZf8DavJgc+xifjbCG+GvMyWr0XMXmc7g==",
      "license": "MIT",
      "engines": {
        "node": ">=10"
      },
      "funding": {
        "url": "https://github.com/sponsors/sindresorhus"
      }
    },
      "version": "4.9.5",
      "resolved": "https://registry.npmjs.org/typescript/-/typescript-4.9.5.tgz",
      "integrity": "sha512-1FXk9E2Hm+QzZQ7z+McJiHL4NW1F2EzMu9Nq9i3zAaGqibafqYwCVU6WyWAuyQRRzOlxou8xZSyXLEN8oKj24g==",
      "license": "Apache-2.0",
        "node": ">=4.2.0"
    "github-markdown-css": {
      "version": "5.8.1",
      "resolved": "https://registry.npmjs.org/github-markdown-css/-/github-markdown-css-5.8.1.tgz",
      "integrity": "sha512-8G+PFvqigBQSWLQjyzgpa2ThD9bo7+kDsriUIidGcRhXgmcaAWUIpCZf8DavJgc+xifjbCG+GvMyWr0XMXmc7g=="
    },
      "version": "4.9.5",
      "resolved": "https://registry.npmjs.org/typescript/-/typescript-4.9.5.tgz",
      "integrity": "sha512-1FXk9E2Hm+QzZQ7z+McJiHL4NW1F2EzMu9Nq9i3zAaGqibafqYwCVU6WyWAuyQRRzOlxou8xZSyXLEN8oKj24g==",
